
Microsoft Visual Studio Solution File, Format Version 12.00
# Visual Studio Version 17
VisualStudioVersion = 17.1.32228.430
MinimumVisualStudioVersion = 10.0.40219.1
Project("{9A19103F-16F7-4668-BE54-9A1E7A4F7556}") = "SchoolAPI", "SchoolAPI\SchoolAPI.csproj", "{6588856C-047E-4A29-9584-C0F078A771F5}"
EndProject
Project("{FAE04EC0-301F-11D3-BF4B-00C04F79EFBC}") = "School", "School\School.csproj", "{D0DB0D77-D5CA-49E3-85BB-7467A27E3CF9}"
EndProject
Global
	GlobalSection(SolutionConfigurationPlatforms) = preSolution
		Debug|Any CPU = Debug|Any CPU
		Release|Any CPU = Release|Any CPU
	EndGlobalSection
	GlobalSection(ProjectConfigurationPlatforms) = postSolution
		{6588856C-047E-4A29-9584-C0F078A771F5}.Debug|Any CPU.ActiveCfg = Debug|Any CPU
		{6588856C-047E-4A29-9584-C0F078A771F5}.Debug|Any CPU.Build.0 = Debug|Any CPU
		{6588856C-047E-4A29-9584-C0F078A771F5}.Release|Any CPU.ActiveCfg = Release|Any CPU
		{6588856C-047E-4A29-9584-C0F078A771F5}.Release|Any CPU.Build.0 = Release|Any CPU
		{D0DB0D77-D5CA-49E3-85BB-7467A27E3CF9}.Debug|Any CPU.ActiveCfg = Debug|Any CPU
		{D0DB0D77-D5CA-49E3-85BB-7467A27E3CF9}.Debug|Any CPU.Build.0 = Debug|Any CPU
		{D0DB0D77-D5CA-49E3-85BB-7467A27E3CF9}.Release|Any CPU.ActiveCfg = Release|Any CPU
		{D0DB0D77-D5CA-49E3-85BB-7467A27E3CF9}.Release|Any CPU.Build.0 = Release|Any CPU
	EndGlobalSection
	GlobalSection(SolutionProperties) = preSolution
		HideSolutionNode = FALSE
	EndGlobalSection
	GlobalSection(ExtensibilityGlobals) = postSolution
		SolutionGuid = {24D225D5-56D4-4CBD-833D-F019A438EF55}
	EndGlobalSection
EndGlobal
